
Microsoft Visual Studio Solution File, Format Version 12.00
Project("{FAE04EC0-301F-11D3-BF4B-00C04F79EFBC}") = "EfCoreSamples", "EfCoreSamples\EfCoreSamples.csproj", "{2F1C71C5-A827-4C1E-A3A6-D6F094239295}"
EndProject
Project("{FAE04EC0-301F-11D3-BF4B-00C04F79EFBC}") = "EfCoreCamples.Contracts", "EfCoreCamples.Contracts\EfCoreCamples.Contracts.csproj", "{661E4D2D-01C9-4668-9DF9-2C38021D9313}"
EndProject
Global
	GlobalSection(SolutionConfigurationPlatforms) = preSolution
		Debug|Any CPU = Debug|Any CPU
		Release|Any CPU = Release|Any CPU
	EndGlobalSection
	GlobalSection(ProjectConfigurationPlatforms) = postSolution
		{2F1C71C5-A827-4C1E-A3A6-D6F094239295}.Debug|Any CPU.ActiveCfg = Debug|Any CPU
		{2F1C71C5-A827-4C1E-A3A6-D6F094239295}.Debug|Any CPU.Build.0 = Debug|Any CPU
		{2F1C71C5-A827-4C1E-A3A6-D6F094239295}.Release|Any CPU.ActiveCfg = Release|Any CPU
		{2F1C71C5-A827-4C1E-A3A6-D6F094239295}.Release|Any CPU.Build.0 = Release|Any CPU
		{661E4D2D-01C9-4668-9DF9-2C38021D9313}.Debug|Any CPU.ActiveCfg = Debug|Any CPU
		{661E4D2D-01C9-4668-9DF9-2C38021D9313}.Debug|Any CPU.Build.0 = Debug|Any CPU
		{661E4D2D-01C9-4668-9DF9-2C38021D9313}.Release|Any CPU.ActiveCfg = Release|Any CPU
		{661E4D2D-01C9-4668-9DF9-2C38021D9313}.Release|Any CPU.Build.0 = Release|Any CPU
	EndGlobalSection
EndGlobal
