
Microsoft Visual Studio Solution File, Format Version 12.00
Project("{FAE04EC0-301F-11D3-BF4B-00C04F79EFBC}") = "DynamicLinqSample", "DynamicLinqSample\DynamicLinqSample.csproj", "{2D5C1A5E-BA6E-43FA-B72F-1A93B4E74DC1}"
EndProject
Global
	GlobalSection(SolutionConfigurationPlatforms) = preSolution
		Debug|Any CPU = Debug|Any CPU
		Release|Any CPU = Release|Any CPU
	EndGlobalSection
	GlobalSection(ProjectConfigurationPlatforms) = postSolution
		{2D5C1A5E-BA6E-43FA-B72F-1A93B4E74DC1}.Debug|Any CPU.ActiveCfg = Debug|Any CPU
		{2D5C1A5E-BA6E-43FA-B72F-1A93B4E74DC1}.Debug|Any CPU.Build.0 = Debug|Any CPU
		{2D5C1A5E-BA6E-43FA-B72F-1A93B4E74DC1}.Release|Any CPU.ActiveCfg = Release|Any CPU
		{2D5C1A5E-BA6E-43FA-B72F-1A93B4E74DC1}.Release|Any CPU.Build.0 = Release|Any CPU
	EndGlobalSection
EndGlobal
